{
  "originHash" : "496d8fd54e508f20513daac74d9a3c821477c39052a975afd1ada9f585a87809",
  "pins" : [
    {
      "identity" : "sentry-cocoa",
      "kind" : "remoteSourceControl",
      "location" : "https://github.com/getsentry/sentry-cocoa",
      "state" : {
        "revision" : "21223d1c864db0561d91f48d80f269a363a1625d",
        "version" : "8.47.0"
      }
    }
  ],
  "version" : 3
}
