PODS:
  - FlutterMacOS (1.0.0)
  - macos_secure_bookmarks (0.0.3):
    - FlutterMacOS
  - window_size (0.0.2):
    - FlutterMacOS

DEPENDENCIES:
  - FlutterMacOS (from `Flutter/ephemeral`)
  - macos_secure_bookmarks (from `Flutter/ephemeral/.symlinks/plugins/macos_secure_bookmarks/macos`)
  - window_size (from `Flutter/ephemeral/.symlinks/plugins/window_size/macos`)

EXTERNAL SOURCES:
  FlutterMacOS:
    :path: Flutter/ephemeral
  macos_secure_bookmarks:
    :path: Flutter/ephemeral/.symlinks/plugins/macos_secure_bookmarks/macos
  window_size:
    :path: Flutter/ephemeral/.symlinks/plugins/window_size/macos

SPEC CHECKSUMS:
  FlutterMacOS: d0db08ddef1a9af05a5ec4b724367152bb0500b1
  macos_secure_bookmarks: e096d8ec49de2d25ea47e1061b85e5f2f1520fef
  window_size: 4bd15034e6e3d0720fd77928a7c42e5492cfece9

PODFILE CHECKSUM: f429f80f5470aff39540e8333365097246b857cb

COCOAPODS: 1.16.2
