{
  "originHash" : "2cab969686461db2341251555e0841de2216f1c8843f0985b6d0eb279a695f07",
  "pins" : [
    {
      "identity" : "sentry-cocoa",
      "kind" : "remoteSourceControl",
      "location" : "https://github.com/getsentry/sentry-cocoa",
      "state" : {
        "revision" : "ca92efeb24b10052cd2a79e5205f42c5a16770ec",
        "version" : "8.53.2"
      }
    }
  ],
  "version" : 3
}
