{
  "originHash" : "2cab969686461db2341251555e0841de2216f1c8843f0985b6d0eb279a695f07",
  "pins" : [
    {
      "identity" : "sentry-cocoa",
      "kind" : "remoteSourceControl",
      "location" : "https://github.com/getsentry/sentry-cocoa",
      "state" : {
        "revision" : "0c34e4da899a1dd9183db04082d1ceb6e9c2b301",
        "version" : "8.44.0"
      }
    }
  ],
  "version" : 3
}
